{
  "name": "app-mensajeria",
  "lockfileVersion": 3,
  "requires": true,
  "packages": {
    "": {
      "dependencies": {
        "auth-provider": "^0.6.2"
      }
    },
    "node_modules/auth-provider": {
      "version": "0.6.2",
      "resolved": "https://registry.npmjs.org/auth-provider/-/auth-provider-0.6.2.tgz",
      "integrity": "sha512-5ycDXVcLRjhBzlMxewBAkU05b5tGtjr0BrM51Cby+nG4PsiiwBPv7sG7NoP4U7y3KBVnnVRZ66wNaGNPllRWkw=="
    }
  }
}
